// !$*UTF8*$!
{
	archiveVersion = 1;
	classes = {
	};
	objectVersion = 48;
	objects = {

/* Begin PBXBuildFile section */
		31D269147408F1FB61E892AA /* Pods_CoreKnowledge.framework in Frameworks */ = {isa = PBXBuildFile; fileRef = 26D09D655BF29213F25DEDBA /* Pods_CoreKnowledge.framework */; };
		594A3EE72064D9EE00DE222F /* LaunchScreen.storyboard in Resources */ = {isa = PBXBuildFile; fileRef = 5961AC2220511698006C5A88 /* LaunchScreen.storyboard */; };
		594A3EE82064D9FF00DE222F /* Main.storyboard in Resources */ = {isa = PBXBuildFile; fileRef = 5961AC1D20511698006C5A88 /* Main.storyboard */; };
		5957D34820591F7B002961BB /* UIKit.framework in Frameworks */ = {isa = PBXBuildFile; fileRef = 5957D34720591F7B002961BB /* UIKit.framework */; };
		5957D34A20591F84002961BB /* Foundation.framework in Frameworks */ = {isa = PBXBuildFile; fileRef = 5957D34920591F84002961BB /* Foundation.framework */; };
		5957D34C20591F8D002961BB /* CoreFoundation.framework in Frameworks */ = {isa = PBXBuildFile; fileRef = 5957D34B20591F8D002961BB /* CoreFoundation.framework */; };
		5957D34E20591F94002961BB /* SystemConfiguration.framework in Frameworks */ = {isa = PBXBuildFile; fileRef = 5957D34D20591F94002961BB /* SystemConfiguration.framework */; };
		5957D35020591FA6002961BB /* CoreGraphics.framework in Frameworks */ = {isa = PBXBuildFile; fileRef = 5957D34F20591FA6002961BB /* CoreGraphics.framework */; };
		5961AC1A20511698006C5A88 /* AppDelegate.swift in Sources */ = {isa = PBXBuildFile; fileRef = 5961AC1920511698006C5A88 /* AppDelegate.swift */; };
		5961AC1C20511698006C5A88 /* ViewController.swift in Sources */ = {isa = PBXBuildFile; fileRef = 5961AC1B20511698006C5A88 /* ViewController.swift */; };
		5961AC2F20511698006C5A88 /* CoreKnowledgeTests.swift in Sources */ = {isa = PBXBuildFile; fileRef = 5961AC2E20511698006C5A88 /* CoreKnowledgeTests.swift */; };
		5961AC3A20511698006C5A88 /* CoreKnowledgeUITests.swift in Sources */ = {isa = PBXBuildFile; fileRef = 5961AC3920511698006C5A88 /* CoreKnowledgeUITests.swift */; };
		5961AC4A20512540006C5A88 /* CKTabbarViewController.swift in Sources */ = {isa = PBXBuildFile; fileRef = 5961AC4920512540006C5A88 /* CKTabbarViewController.swift */; };
		5961AC4C20512568006C5A88 /* CKNavigationController.swift in Sources */ = {isa = PBXBuildFile; fileRef = 5961AC4B20512568006C5A88 /* CKNavigationController.swift */; };
		5961AC552051284E006C5A88 /* KCThreadMainViewController.swift in Sources */ = {isa = PBXBuildFile; fileRef = 5961AC542051284E006C5A88 /* KCThreadMainViewController.swift */; };
		5961AC5720512862006C5A88 /* KCAnimationMainViewController.swift in Sources */ = {isa = PBXBuildFile; fileRef = 5961AC5620512862006C5A88 /* KCAnimationMainViewController.swift */; };
		5961AC5920512888006C5A88 /* KCComponentMainViewController.swift in Sources */ = {isa = PBXBuildFile; fileRef = 5961AC5820512888006C5A88 /* KCComponentMainViewController.swift */; };
		5961AC5B20512896006C5A88 /* KCOtherMainViewController.swift in Sources */ = {isa = PBXBuildFile; fileRef = 5961AC5A20512896006C5A88 /* KCOtherMainViewController.swift */; };
		5962509020730D8D006FC36F /* AudioPlaybackViewController.swift in Sources */ = {isa = PBXBuildFile; fileRef = 5962508F20730D8D006FC36F /* AudioPlaybackViewController.swift */; };
		5962509220730E3E006FC36F /* KCOtherCell.swift in Sources */ = {isa = PBXBuildFile; fileRef = 5962509120730E3E006FC36F /* KCOtherCell.swift */; };
		5962509420730E56006FC36F /* KCOtherModel.swift in Sources */ = {isa = PBXBuildFile; fileRef = 5962509320730E56006FC36F /* KCOtherModel.swift */; };
		5962509620731719006FC36F /* KCModelCreator.swift in Sources */ = {isa = PBXBuildFile; fileRef = 5962509520731719006FC36F /* KCModelCreator.swift */; };
		5962509820737927006FC36F /* MediaPlayer.framework in Frameworks */ = {isa = PBXBuildFile; fileRef = 5962509720737927006FC36F /* MediaPlayer.framework */; };
		597FBDEB2079B04E0096C6C9 /* CKViewControllerAnimatedTransitioning.swift in Sources */ = {isa = PBXBuildFile; fileRef = 597FBDEA2079B04E0096C6C9 /* CKViewControllerAnimatedTransitioning.swift */; };
		597FBDED2079C19B0096C6C9 /* Assets.xcassets in Resources */ = {isa = PBXBuildFile; fileRef = 597FBDEC2079C19B0096C6C9 /* Assets.xcassets */; };
		597FBDEF2079F9810096C6C9 /* CKInteractiveTransition.swift in Sources */ = {isa = PBXBuildFile; fileRef = 597FBDEE2079F9810096C6C9 /* CKInteractiveTransition.swift */; };
		598A910F2057AD4400CD884B /* GCDViewController.swift in Sources */ = {isa = PBXBuildFile; fileRef = 598A910E2057AD4400CD884B /* GCDViewController.swift */; };
		598A91112057AD5400CD884B /* OperationQueueViewController.swift in Sources */ = {isa = PBXBuildFile; fileRef = 598A91102057AD5400CD884B /* OperationQueueViewController.swift */; };
		598A91132057C1DB00CD884B /* SerialDispatchQueueViewController.swift in Sources */ = {isa = PBXBuildFile; fileRef = 598A91122057C1DB00CD884B /* SerialDispatchQueueViewController.swift */; };
		598A91152057C1F400CD884B /* ConcurrentDispatchQueueViewController.swift in Sources */ = {isa = PBXBuildFile; fileRef = 598A91142057C1F400CD884B /* ConcurrentDispatchQueueViewController.swift */; };
		59A20C722071CBC900E72B7F /* RecordingViewController.swift in Sources */ = {isa = PBXBuildFile; fileRef = 59A20C712071CBC900E72B7F /* RecordingViewController.swift */; };
		59A20C742071CBE900E72B7F /* PlayRecordViewController.swift in Sources */ = {isa = PBXBuildFile; fileRef = 59A20C732071CBE900E72B7F /* PlayRecordViewController.swift */; };
		59A20C762071CC1900E72B7F /* AudioPlaybackManager.swift in Sources */ = {isa = PBXBuildFile; fileRef = 59A20C752071CC1900E72B7F /* AudioPlaybackManager.swift */; };
		59A20C782071CC5300E72B7F /* AVFoundation.framework in Frameworks */ = {isa = PBXBuildFile; fileRef = 59A20C772071CC5300E72B7F /* AVFoundation.framework */; };
/* End PBXBuildFile section */

/* Begin PBXContainerItemProxy section */
		5961AC2B20511698006C5A88 /* PBXContainerItemProxy */ = {
			isa = PBXContainerItemProxy;
			containerPortal = 5961AC0E20511698006C5A88 /* Project object */;
			proxyType = 1;
			remoteGlobalIDString = 5961AC1520511698006C5A88;
			remoteInfo = CoreKnowledge;
		};
		5961AC3620511698006C5A88 /* PBXContainerItemProxy */ = {
			isa = PBXContainerItemProxy;
			containerPortal = 5961AC0E20511698006C5A88 /* Project object */;
			proxyType = 1;
			remoteGlobalIDString = 5961AC1520511698006C5A88;
			remoteInfo = CoreKnowledge;
		};
/* End PBXContainerItemProxy section */

/* Begin PBXFileReference section */
		26D09D655BF29213F25DEDBA /* Pods_CoreKnowledge.framework */ = {isa = PBXFileReference; explicitFileType = wrapper.framework; includeInIndex = 0; path = Pods_CoreKnowledge.framework; sourceTree = BUILT_PRODUCTS_DIR; };
		5623C6BA610D9D2E24CFF19F /* Pods-CoreKnowledge.debug.xcconfig */ = {isa = PBXFileReference; includeInIndex = 1; lastKnownFileType = text.xcconfig; name = "Pods-CoreKnowledge.debug.xcconfig"; path = "Pods/Target Support Files/Pods-CoreKnowledge/Pods-CoreKnowledge.debug.xcconfig"; sourceTree = "<group>"; };
		5957D34720591F7B002961BB /* UIKit.framework */ = {isa = PBXFileReference; lastKnownFileType = wrapper.framework; name = UIKit.framework; path = System/Library/Frameworks/UIKit.framework; sourceTree = SDKROOT; };
		5957D34920591F84002961BB /* Foundation.framework */ = {isa = PBXFileReference; lastKnownFileType = wrapper.framework; name = Foundation.framework; path = System/Library/Frameworks/Foundation.framework; sourceTree = SDKROOT; };
		5957D34B20591F8D002961BB /* CoreFoundation.framework */ = {isa = PBXFileReference; lastKnownFileType = wrapper.framework; name = CoreFoundation.framework; path = System/Library/Frameworks/CoreFoundation.framework; sourceTree = SDKROOT; };
		5957D34D20591F94002961BB /* SystemConfiguration.framework */ = {isa = PBXFileReference; lastKnownFileType = wrapper.framework; name = SystemConfiguration.framework; path = System/Library/Frameworks/SystemConfiguration.framework; sourceTree = SDKROOT; };
		5957D34F20591FA6002961BB /* CoreGraphics.framework */ = {isa = PBXFileReference; lastKnownFileType = wrapper.framework; name = CoreGraphics.framework; path = System/Library/Frameworks/CoreGraphics.framework; sourceTree = SDKROOT; };
		5957D35120591FB5002961BB /* CoreNFC.framework */ = {isa = PBXFileReference; lastKnownFileType = wrapper.framework; name = CoreNFC.framework; path = System/Library/Frameworks/CoreNFC.framework; sourceTree = SDKROOT; };
		5961AC1620511698006C5A88 /* CoreKnowledge.app */ = {isa = PBXFileReference; explicitFileType = wrapper.application; includeInIndex = 0; path = CoreKnowledge.app; sourceTree = BUILT_PRODUCTS_DIR; };
		5961AC1920511698006C5A88 /* AppDelegate.swift */ = {isa = PBXFileReference; lastKnownFileType = sourcecode.swift; path = AppDelegate.swift; sourceTree = "<group>"; };
		5961AC1B20511698006C5A88 /* ViewController.swift */ = {isa = PBXFileReference; lastKnownFileType = sourcecode.swift; path = ViewController.swift; sourceTree = "<group>"; };
		5961AC1E20511698006C5A88 /* Base */ = {isa = PBXFileReference; lastKnownFileType = file.storyboard; name = Base; path = Base.lproj/Main.storyboard; sourceTree = "<group>"; };
		5961AC2320511698006C5A88 /* Base */ = {isa = PBXFileReference; lastKnownFileType = file.storyboard; name = Base; path = Base.lproj/LaunchScreen.storyboard; sourceTree = "<group>"; };
		5961AC2520511698006C5A88 /* Info.plist */ = {isa = PBXFileReference; lastKnownFileType = text.plist.xml; path = Info.plist; sourceTree = "<group>"; };
		5961AC2A20511698006C5A88 /* CoreKnowledgeTests.xctest */ = {isa = PBXFileReference; explicitFileType = wrapper.cfbundle; includeInIndex = 0; path = CoreKnowledgeTests.xctest; sourceTree = BUILT_PRODUCTS_DIR; };
		5961AC2E20511698006C5A88 /* CoreKnowledgeTests.swift */ = {isa = PBXFileReference; lastKnownFileType = sourcecode.swift; path = CoreKnowledgeTests.swift; sourceTree = "<group>"; };
		5961AC3020511698006C5A88 /* Info.plist */ = {isa = PBXFileReference; lastKnownFileType = text.plist.xml; path = Info.plist; sourceTree = "<group>"; };
		5961AC3520511698006C5A88 /* CoreKnowledgeUITests.xctest */ = {isa = PBXFileReference; explicitFileType = wrapper.cfbundle; includeInIndex = 0; path = CoreKnowledgeUITests.xctest; sourceTree = BUILT_PRODUCTS_DIR; };
		5961AC3920511698006C5A88 /* CoreKnowledgeUITests.swift */ = {isa = PBXFileReference; lastKnownFileType = sourcecode.swift; path = CoreKnowledgeUITests.swift; sourceTree = "<group>"; };
		5961AC3B20511698006C5A88 /* Info.plist */ = {isa = PBXFileReference; lastKnownFileType = text.plist.xml; path = Info.plist; sourceTree = "<group>"; };
		5961AC4920512540006C5A88 /* CKTabbarViewController.swift */ = {isa = PBXFileReference; lastKnownFileType = sourcecode.swift; path = CKTabbarViewController.swift; sourceTree = "<group>"; };
		5961AC4B20512568006C5A88 /* CKNavigationController.swift */ = {isa = PBXFileReference; lastKnownFileType = sourcecode.swift; path = CKNavigationController.swift; sourceTree = "<group>"; };
		5961AC542051284E006C5A88 /* KCThreadMainViewController.swift */ = {isa = PBXFileReference; lastKnownFileType = sourcecode.swift; path = KCThreadMainViewController.swift; sourceTree = "<group>"; };
		5961AC5620512862006C5A88 /* KCAnimationMainViewController.swift */ = {isa = PBXFileReference; lastKnownFileType = sourcecode.swift; path = KCAnimationMainViewController.swift; sourceTree = "<group>"; };
		5961AC5820512888006C5A88 /* KCComponentMainViewController.swift */ = {isa = PBXFileReference; lastKnownFileType = sourcecode.swift; path = KCComponentMainViewController.swift; sourceTree = "<group>"; };
		5961AC5A20512896006C5A88 /* KCOtherMainViewController.swift */ = {isa = PBXFileReference; lastKnownFileType = sourcecode.swift; path = KCOtherMainViewController.swift; sourceTree = "<group>"; };
		5962508F20730D8D006FC36F /* AudioPlaybackViewController.swift */ = {isa = PBXFileReference; lastKnownFileType = sourcecode.swift; path = AudioPlaybackViewController.swift; sourceTree = "<group>"; };
		5962509120730E3E006FC36F /* KCOtherCell.swift */ = {isa = PBXFileReference; lastKnownFileType = sourcecode.swift; path = KCOtherCell.swift; sourceTree = "<group>"; };
		5962509320730E56006FC36F /* KCOtherModel.swift */ = {isa = PBXFileReference; lastKnownFileType = sourcecode.swift; path = KCOtherModel.swift; sourceTree = "<group>"; };
		5962509520731719006FC36F /* KCModelCreator.swift */ = {isa = PBXFileReference; lastKnownFileType = sourcecode.swift; path = KCModelCreator.swift; sourceTree = "<group>"; };
		5962509720737927006FC36F /* MediaPlayer.framework */ = {isa = PBXFileReference; lastKnownFileType = wrapper.framework; name = MediaPlayer.framework; path = System/Library/Frameworks/MediaPlayer.framework; sourceTree = SDKROOT; };
		597FBDEA2079B04E0096C6C9 /* CKViewControllerAnimatedTransitioning.swift */ = {isa = PBXFileReference; lastKnownFileType = sourcecode.swift; path = CKViewControllerAnimatedTransitioning.swift; sourceTree = "<group>"; };
		597FBDEC2079C19B0096C6C9 /* Assets.xcassets */ = {isa = PBXFileReference; lastKnownFileType = folder.assetcatalog; path = Assets.xcassets; sourceTree = "<group>"; };
		597FBDEE2079F9810096C6C9 /* CKInteractiveTransition.swift */ = {isa = PBXFileReference; lastKnownFileType = sourcecode.swift; path = CKInteractiveTransition.swift; sourceTree = "<group>"; };
		598A910E2057AD4400CD884B /* GCDViewController.swift */ = {isa = PBXFileReference; lastKnownFileType = sourcecode.swift; path = GCDViewController.swift; sourceTree = "<group>"; };
		598A91102057AD5400CD884B /* OperationQueueViewController.swift */ = {isa = PBXFileReference; lastKnownFileType = sourcecode.swift; path = OperationQueueViewController.swift; sourceTree = "<group>"; };
		598A91122057C1DB00CD884B /* SerialDispatchQueueViewController.swift */ = {isa = PBXFileReference; lastKnownFileType = sourcecode.swift; path = SerialDispatchQueueViewController.swift; sourceTree = "<group>"; };
		598A91142057C1F400CD884B /* ConcurrentDispatchQueueViewController.swift */ = {isa = PBXFileReference; lastKnownFileType = sourcecode.swift; path = ConcurrentDispatchQueueViewController.swift; sourceTree = "<group>"; };
		59A20C712071CBC900E72B7F /* RecordingViewController.swift */ = {isa = PBXFileReference; lastKnownFileType = sourcecode.swift; path = RecordingViewController.swift; sourceTree = "<group>"; };
		59A20C732071CBE900E72B7F /* PlayRecordViewController.swift */ = {isa = PBXFileReference; lastKnownFileType = sourcecode.swift; path = PlayRecordViewController.swift; sourceTree = "<group>"; };
		59A20C752071CC1900E72B7F /* AudioPlaybackManager.swift */ = {isa = PBXFileReference; lastKnownFileType = sourcecode.swift; path = AudioPlaybackManager.swift; sourceTree = "<group>"; };
		59A20C772071CC5300E72B7F /* AVFoundation.framework */ = {isa = PBXFileReference; lastKnownFileType = wrapper.framework; name = AVFoundation.framework; path = System/Library/Frameworks/AVFoundation.framework; sourceTree = SDKROOT; };
		E97BEDF736C559EAC2866909 /* Pods-CoreKnowledge.release.xcconfig */ = {isa = PBXFileReference; includeInIndex = 1; lastKnownFileType = text.xcconfig; name = "Pods-CoreKnowledge.release.xcconfig"; path = "Pods/Target Support Files/Pods-CoreKnowledge/Pods-CoreKnowledge.release.xcconfig"; sourceTree = "<group>"; };
/* End PBXFileReference section */

/* Begin PBXFrameworksBuildPhase section */
		5961AC1320511698006C5A88 /* Frameworks */ = {
			isa = PBXFrameworksBuildPhase;
			buildActionMask = 2147483647;
			files = (
				5962509820737927006FC36F /* MediaPlayer.framework in Frameworks */,
				59A20C782071CC5300E72B7F /* AVFoundation.framework in Frameworks */,
				5957D35020591FA6002961BB /* CoreGraphics.framework in Frameworks */,
				5957D34E20591F94002961BB /* SystemConfiguration.framework in Frameworks */,
				5957D34C20591F8D002961BB /* CoreFoundation.framework in Frameworks */,
				5957D34A20591F84002961BB /* Foundation.framework in Frameworks */,
				5957D34820591F7B002961BB /* UIKit.framework in Frameworks */,
				31D269147408F1FB61E892AA /* Pods_CoreKnowledge.framework in Frameworks */,
			);
			runOnlyForDeploymentPostprocessing = 0;
		};
		5961AC2720511698006C5A88 /* Frameworks */ = {
			isa = PBXFrameworksBuildPhase;
			buildActionMask = 2147483647;
			files = (
			);
			runOnlyForDeploymentPostprocessing = 0;
		};
		5961AC3220511698006C5A88 /* Frameworks */ = {
			isa = PBXFrameworksBuildPhase;
			buildActionMask = 2147483647;
			files = (
			);
			runOnlyForDeploymentPostprocessing = 0;
		};
/* End PBXFrameworksBuildPhase section */

/* Begin PBXGroup section */
		5957D34620591F7A002961BB /* Frameworks */ = {
			isa = PBXGroup;
			children = (
				5962509720737927006FC36F /* MediaPlayer.framework */,
				59A20C772071CC5300E72B7F /* AVFoundation.framework */,
				5957D35120591FB5002961BB /* CoreNFC.framework */,
				5957D34F20591FA6002961BB /* CoreGraphics.framework */,
				5957D34D20591F94002961BB /* SystemConfiguration.framework */,
				5957D34B20591F8D002961BB /* CoreFoundation.framework */,
				5957D34920591F84002961BB /* Foundation.framework */,
				5957D34720591F7B002961BB /* UIKit.framework */,
				26D09D655BF29213F25DEDBA /* Pods_CoreKnowledge.framework */,
			);
			name = Frameworks;
			sourceTree = "<group>";
		};
		5961AC0D20511698006C5A88 = {
			isa = PBXGroup;
			children = (
				5961AC1820511698006C5A88 /* CoreKnowledge */,
				5961AC2D20511698006C5A88 /* CoreKnowledgeTests */,
				5961AC3820511698006C5A88 /* CoreKnowledgeUITests */,
				5961AC1720511698006C5A88 /* Products */,
				5957D34620591F7A002961BB /* Frameworks */,
				8D51633C5DA8E2ED876ECAE0 /* Pods */,
			);
			sourceTree = "<group>";
		};
		5961AC1720511698006C5A88 /* Products */ = {
			isa = PBXGroup;
			children = (
				5961AC1620511698006C5A88 /* CoreKnowledge.app */,
				5961AC2A20511698006C5A88 /* CoreKnowledgeTests.xctest */,
				5961AC3520511698006C5A88 /* CoreKnowledgeUITests.xctest */,
			);
			name = Products;
			sourceTree = "<group>";
		};
		5961AC1820511698006C5A88 /* CoreKnowledge */ = {
			isa = PBXGroup;
			children = (
				5961AC48205124FB006C5A88 /* Navigation */,
				5961AC47205124ED006C5A88 /* Tabbar */,
				5961AC4D20512747006C5A88 /* Controller */,
				5961AC1B20511698006C5A88 /* ViewController.swift */,
				5961AC1920511698006C5A88 /* AppDelegate.swift */,
				5961AC1D20511698006C5A88 /* Main.storyboard */,
				5961AC2220511698006C5A88 /* LaunchScreen.storyboard */,
				5961AC2520511698006C5A88 /* Info.plist */,
				597FBDEC2079C19B0096C6C9 /* Assets.xcassets */,
			);
			path = CoreKnowledge;
			sourceTree = "<group>";
		};
		5961AC2D20511698006C5A88 /* CoreKnowledgeTests */ = {
			isa = PBXGroup;
			children = (
				5961AC2E20511698006C5A88 /* CoreKnowledgeTests.swift */,
				5961AC3020511698006C5A88 /* Info.plist */,
			);
			path = CoreKnowledgeTests;
			sourceTree = "<group>";
		};
		5961AC3820511698006C5A88 /* CoreKnowledgeUITests */ = {
			isa = PBXGroup;
			children = (
				5961AC3920511698006C5A88 /* CoreKnowledgeUITests.swift */,
				5961AC3B20511698006C5A88 /* Info.plist */,
			);
			path = CoreKnowledgeUITests;
			sourceTree = "<group>";
		};
		5961AC47205124ED006C5A88 /* Tabbar */ = {
			isa = PBXGroup;
			children = (
				5961AC4920512540006C5A88 /* CKTabbarViewController.swift */,
			);
			path = Tabbar;
			sourceTree = "<group>";
		};
		5961AC48205124FB006C5A88 /* Navigation */ = {
			isa = PBXGroup;
			children = (
				5961AC4B20512568006C5A88 /* CKNavigationController.swift */,
				597FBDEA2079B04E0096C6C9 /* CKViewControllerAnimatedTransitioning.swift */,
				597FBDEE2079F9810096C6C9 /* CKInteractiveTransition.swift */,
			);
			path = Navigation;
			sourceTree = "<group>";
		};
		5961AC4D20512747006C5A88 /* Controller */ = {
			isa = PBXGroup;
			children = (
				5961AC5320512828006C5A88 /* Other */,
				5961AC5220512816006C5A88 /* UI-Component */,
				5961AC51205127EC006C5A88 /* Animation */,
				5961AC50205127CC006C5A88 /* Thread */,
			);
			path = Controller;
			sourceTree = "<group>";
		};
		5961AC50205127CC006C5A88 /* Thread */ = {
			isa = PBXGroup;
			children = (
				5961AC542051284E006C5A88 /* KCThreadMainViewController.swift */,
				598A910D2057AD0100CD884B /* OperationQueue */,
				598A910C2057ACD300CD884B /* GCD */,
			);
			path = Thread;
			sourceTree = "<group>";
		};
		5961AC51205127EC006C5A88 /* Animation */ = {
			isa = PBXGroup;
			children = (
				5961AC5620512862006C5A88 /* KCAnimationMainViewController.swift */,
			);
			path = Animation;
			sourceTree = "<group>";
		};
		5961AC5220512816006C5A88 /* UI-Component */ = {
			isa = PBXGroup;
			children = (
				5961AC5820512888006C5A88 /* KCComponentMainViewController.swift */,
			);
			path = "UI-Component";
			sourceTree = "<group>";
		};
		5961AC5320512828006C5A88 /* Other */ = {
			isa = PBXGroup;
			children = (
				5961AC5A20512896006C5A88 /* KCOtherMainViewController.swift */,
				5962509120730E3E006FC36F /* KCOtherCell.swift */,
				5962509320730E56006FC36F /* KCOtherModel.swift */,
				5962509520731719006FC36F /* KCModelCreator.swift */,
				59A20C702071CB8800E72B7F /* AudioPlayback */,
			);
			path = Other;
			sourceTree = "<group>";
		};
		598A910C2057ACD300CD884B /* GCD */ = {
			isa = PBXGroup;
			children = (
				598A910E2057AD4400CD884B /* GCDViewController.swift */,
				598A91122057C1DB00CD884B /* SerialDispatchQueueViewController.swift */,
				598A91142057C1F400CD884B /* ConcurrentDispatchQueueViewController.swift */,
			);
			path = GCD;
			sourceTree = "<group>";
		};
		598A910D2057AD0100CD884B /* OperationQueue */ = {
			isa = PBXGroup;
			children = (
				598A91102057AD5400CD884B /* OperationQueueViewController.swift */,
			);
			path = OperationQueue;
			sourceTree = "<group>";
		};
		59A20C702071CB8800E72B7F /* AudioPlayback */ = {
			isa = PBXGroup;
			children = (
				5962508F20730D8D006FC36F /* AudioPlaybackViewController.swift */,
				59A20C712071CBC900E72B7F /* RecordingViewController.swift */,
				59A20C732071CBE900E72B7F /* PlayRecordViewController.swift */,
				59A20C752071CC1900E72B7F /* AudioPlaybackManager.swift */,
			);
			path = AudioPlayback;
			sourceTree = "<group>";
		};
		8D51633C5DA8E2ED876ECAE0 /* Pods */ = {
			isa = PBXGroup;
			children = (
				5623C6BA610D9D2E24CFF19F /* Pods-CoreKnowledge.debug.xcconfig */,
				E97BEDF736C559EAC2866909 /* Pods-CoreKnowledge.release.xcconfig */,
			);
			name = Pods;
			sourceTree = "<group>";
		};
/* End PBXGroup section */

/* Begin PBXNativeTarget section */
		5961AC1520511698006C5A88 /* CoreKnowledge */ = {
			isa = PBXNativeTarget;
			buildConfigurationList = 5961AC3E20511698006C5A88 /* Build configuration list for PBXNativeTarget "CoreKnowledge" */;
			buildPhases = (
				B6A7DB93A71C6CC92566299B /* [CP] Check Pods Manifest.lock */,
				5961AC1220511698006C5A88 /* Sources */,
				5961AC1320511698006C5A88 /* Frameworks */,
				5961AC1420511698006C5A88 /* Resources */,
				A6597B09E4FF0D2EA5F95D51 /* [CP] Embed Pods Frameworks */,
				5F8B91EBF12B1782FCEDFB6D /* [CP] Copy Pods Resources */,
			);
			buildRules = (
			);
			dependencies = (
			);
			name = CoreKnowledge;
			productName = CoreKnowledge;
			productReference = 5961AC1620511698006C5A88 /* CoreKnowledge.app */;
			productType = "com.apple.product-type.application";
		};
		5961AC2920511698006C5A88 /* CoreKnowledgeTests */ = {
			isa = PBXNativeTarget;
			buildConfigurationList = 5961AC4120511698006C5A88 /* Build configuration list for PBXNativeTarget "CoreKnowledgeTests" */;
			buildPhases = (
				5961AC2620511698006C5A88 /* Sources */,
				5961AC2720511698006C5A88 /* Frameworks */,
				5961AC2820511698006C5A88 /* Resources */,
			);
			buildRules = (
			);
			dependencies = (
				5961AC2C20511698006C5A88 /* PBXTargetDependency */,
			);
			name = CoreKnowledgeTests;
			productName = CoreKnowledgeTests;
			productReference = 5961AC2A20511698006C5A88 /* CoreKnowledgeTests.xctest */;
			productType = "com.apple.product-type.bundle.unit-test";
		};
		5961AC3420511698006C5A88 /* CoreKnowledgeUITests */ = {
			isa = PBXNativeTarget;
			buildConfigurationList = 5961AC4420511698006C5A88 /* Build configuration list for PBXNativeTarget "CoreKnowledgeUITests" */;
			buildPhases = (
				5961AC3120511698006C5A88 /* Sources */,
				5961AC3220511698006C5A88 /* Frameworks */,
				5961AC3320511698006C5A88 /* Resources */,
			);
			buildRules = (
			);
			dependencies = (
				5961AC3720511698006C5A88 /* PBXTargetDependency */,
			);
			name = CoreKnowledgeUITests;
			productName = CoreKnowledgeUITests;
			productReference = 5961AC3520511698006C5A88 /* CoreKnowledgeUITests.xctest */;
			productType = "com.apple.product-type.bundle.ui-testing";
		};
/* End PBXNativeTarget section */

/* Begin PBXProject section */
		5961AC0E20511698006C5A88 /* Project object */ = {
			isa = PBXProject;
			attributes = {
				LastSwiftUpdateCheck = 0920;
				LastUpgradeCheck = 0920;
				ORGANIZATIONNAME = xinrui;
				TargetAttributes = {
					5961AC1520511698006C5A88 = {
						CreatedOnToolsVersion = 9.2;
						ProvisioningStyle = Automatic;
					};
					5961AC2920511698006C5A88 = {
						CreatedOnToolsVersion = 9.2;
						ProvisioningStyle = Automatic;
						TestTargetID = 5961AC1520511698006C5A88;
					};
					5961AC3420511698006C5A88 = {
						CreatedOnToolsVersion = 9.2;
						ProvisioningStyle = Automatic;
						TestTargetID = 5961AC1520511698006C5A88;
					};
				};
			};
			buildConfigurationList = 5961AC1120511698006C5A88 /* Build configuration list for PBXProject "CoreKnowledge" */;
			compatibilityVersion = "Xcode 8.0";
			developmentRegion = en;
			hasScannedForEncodings = 0;
			knownRegions = (
				en,
				Base,
			);
			mainGroup = 5961AC0D20511698006C5A88;
			productRefGroup = 5961AC1720511698006C5A88 /* Products */;
			projectDirPath = "";
			projectRoot = "";
			targets = (
				5961AC1520511698006C5A88 /* CoreKnowledge */,
				5961AC2920511698006C5A88 /* CoreKnowledgeTests */,
				5961AC3420511698006C5A88 /* CoreKnowledgeUITests */,
			);
		};
/* End PBXProject section */

/* Begin PBXResourcesBuildPhase section */
		5961AC1420511698006C5A88 /* Resources */ = {
			isa = PBXResourcesBuildPhase;
			buildActionMask = 2147483647;
			files = (
				594A3EE82064D9FF00DE222F /* Main.storyboard in Resources */,
				597FBDED2079C19B0096C6C9 /* Assets.xcassets in Resources */,
				594A3EE72064D9EE00DE222F /* LaunchScreen.storyboard in Resources */,
			);
			runOnlyForDeploymentPostprocessing = 0;
		};
		5961AC2820511698006C5A88 /* Resources */ = {
			isa = PBXResourcesBuildPhase;
			buildActionMask = 2147483647;
			files = (
			);
			runOnlyForDeploymentPostprocessing = 0;
		};
		5961AC3320511698006C5A88 /* Resources */ = {
			isa = PBXResourcesBuildPhase;
			buildActionMask = 2147483647;
			files = (
			);
			runOnlyForDeploymentPostprocessing = 0;
		};
/* End PBXResourcesBuildPhase section */

/* Begin PBXShellScriptBuildPhase section */
		5F8B91EBF12B1782FCEDFB6D /* [CP] Copy Pods Resources */ = {
			isa = PBXShellScriptBuildPhase;
			buildActionMask = 2147483647;
			files = (
			);
			inputPaths = (
			);
			name = "[CP] Copy Pods Resources";
			outputPaths = (
			);
			runOnlyForDeploymentPostprocessing = 0;
			shellPath = /bin/sh;
			shellScript = "\"${SRCROOT}/Pods/Target Support Files/Pods-CoreKnowledge/Pods-CoreKnowledge-resources.sh\"\n";
			showEnvVarsInLog = 0;
		};
		A6597B09E4FF0D2EA5F95D51 /* [CP] Embed Pods Frameworks */ = {
			isa = PBXShellScriptBuildPhase;
			buildActionMask = 2147483647;
			files = (
			);
			inputPaths = (
				"${SRCROOT}/Pods/Target Support Files/Pods-CoreKnowledge/Pods-CoreKnowledge-frameworks.sh",
				"${BUILT_PRODUCTS_DIR}/AFNetworking/AFNetworking.framework",
				"${BUILT_PRODUCTS_DIR}/FMDB/FMDB.framework",
				"${BUILT_PRODUCTS_DIR}/MJRefresh/MJRefresh.framework",
				"${BUILT_PRODUCTS_DIR}/Reachability/Reachability.framework",
				"${BUILT_PRODUCTS_DIR}/SDWebImage/SDWebImage.framework",
				"${BUILT_PRODUCTS_DIR}/pop/pop.framework",
			);
			name = "[CP] Embed Pods Frameworks";
			outputPaths = (
				"${TARGET_BUILD_DIR}/${FRAMEWORKS_FOLDER_PATH}/AFNetworking.framework",
				"${TARGET_BUILD_DIR}/${FRAMEWORKS_FOLDER_PATH}/FMDB.framework",
				"${TARGET_BUILD_DIR}/${FRAMEWORKS_FOLDER_PATH}/MJRefresh.framework",
				"${TARGET_BUILD_DIR}/${FRAMEWORKS_FOLDER_PATH}/Reachability.framework",
				"${TARGET_BUILD_DIR}/${FRAMEWORKS_FOLDER_PATH}/SDWebImage.framework",
				"${TARGET_BUILD_DIR}/${FRAMEWORKS_FOLDER_PATH}/pop.framework",
			);
			runOnlyForDeploymentPostprocessing = 0;
			shellPath = /bin/sh;
			shellScript = "\"${SRCROOT}/Pods/Target Support Files/Pods-CoreKnowledge/Pods-CoreKnowledge-frameworks.sh\"\n";
			showEnvVarsInLog = 0;
		};
		B6A7DB93A71C6CC92566299B /* [CP] Check Pods Manifest.lock */ = {
			isa = PBXShellScriptBuildPhase;
			buildActionMask = 2147483647;
			files = (
			);
			inputPaths = (
				"${PODS_PODFILE_DIR_PATH}/Podfile.lock",
				"${PODS_ROOT}/Manifest.lock",
			);
			name = "[CP] Check Pods Manifest.lock";
			outputPaths = (
				"$(DERIVED_FILE_DIR)/Pods-CoreKnowledge-checkManifestLockResult.txt",
			);
			runOnlyForDeploymentPostprocessing = 0;
			shellPath = /bin/sh;
			shellScript = "diff \"${PODS_PODFILE_DIR_PATH}/Podfile.lock\" \"${PODS_ROOT}/Manifest.lock\" > /dev/null\nif [ $? != 0 ] ; then\n    # print error to STDERR\n    echo \"error: The sandbox is not in sync with the Podfile.lock. Run 'pod install' or update your CocoaPods installation.\" >&2\n    exit 1\nfi\n# This output is used by Xcode 'outputs' to avoid re-running this script phase.\necho \"SUCCESS\" > \"${SCRIPT_OUTPUT_FILE_0}\"\n";
			showEnvVarsInLog = 0;
		};
/* End PBXShellScriptBuildPhase section */

/* Begin PBXSourcesBuildPhase section */
		5961AC1220511698006C5A88 /* Sources */ = {
			isa = PBXSourcesBuildPhase;
			buildActionMask = 2147483647;
			files = (
				598A91132057C1DB00CD884B /* SerialDispatchQueueViewController.swift in Sources */,
				59A20C742071CBE900E72B7F /* PlayRecordViewController.swift in Sources */,
				59A20C762071CC1900E72B7F /* AudioPlaybackManager.swift in Sources */,
				597FBDEF2079F9810096C6C9 /* CKInteractiveTransition.swift in Sources */,
				5961AC4A20512540006C5A88 /* CKTabbarViewController.swift in Sources */,
				5962509620731719006FC36F /* KCModelCreator.swift in Sources */,
				59A20C722071CBC900E72B7F /* RecordingViewController.swift in Sources */,
				5961AC552051284E006C5A88 /* KCThreadMainViewController.swift in Sources */,
				598A91112057AD5400CD884B /* OperationQueueViewController.swift in Sources */,
				5962509220730E3E006FC36F /* KCOtherCell.swift in Sources */,
				5961AC4C20512568006C5A88 /* CKNavigationController.swift in Sources */,
				5961AC5920512888006C5A88 /* KCComponentMainViewController.swift in Sources */,
				597FBDEB2079B04E0096C6C9 /* CKViewControllerAnimatedTransitioning.swift in Sources */,
				5961AC1C20511698006C5A88 /* ViewController.swift in Sources */,
				5961AC5720512862006C5A88 /* KCAnimationMainViewController.swift in Sources */,
				5961AC5B20512896006C5A88 /* KCOtherMainViewController.swift in Sources */,
				5962509020730D8D006FC36F /* AudioPlaybackViewController.swift in Sources */,
				598A91152057C1F400CD884B /* ConcurrentDispatchQueueViewController.swift in Sources */,
				5961AC1A20511698006C5A88 /* AppDelegate.swift in Sources */,
				5962509420730E56006FC36F /* KCOtherModel.swift in Sources */,
				598A910F2057AD4400CD884B /* GCDViewController.swift in Sources */,
			);
			runOnlyForDeploymentPostprocessing = 0;
		};
		5961AC2620511698006C5A88 /* Sources */ = {
			isa = PBXSourcesBuildPhase;
			buildActionMask = 2147483647;
			files = (
				5961AC2F20511698006C5A88 /* CoreKnowledgeTests.swift in Sources */,
			);
			runOnlyForDeploymentPostprocessing = 0;
		};
		5961AC3120511698006C5A88 /* Sources */ = {
			isa = PBXSourcesBuildPhase;
			buildActionMask = 2147483647;
			files = (
				5961AC3A20511698006C5A88 /* CoreKnowledgeUITests.swift in Sources */,
			);
			runOnlyForDeploymentPostprocessing = 0;
		};
/* End PBXSourcesBuildPhase section */

/* Begin PBXTargetDependency section */
		5961AC2C20511698006C5A88 /* PBXTargetDependency */ = {
			isa = PBXTargetDependency;
			target = 5961AC1520511698006C5A88 /* CoreKnowledge */;
			targetProxy = 5961AC2B20511698006C5A88 /* PBXContainerItemProxy */;
		};
		5961AC3720511698006C5A88 /* PBXTargetDependency */ = {
			isa = PBXTargetDependency;
			target = 5961AC1520511698006C5A88 /* CoreKnowledge */;
			targetProxy = 5961AC3620511698006C5A88 /* PBXContainerItemProxy */;
		};
/* End PBXTargetDependency section */

/* Begin PBXVariantGroup section */
		5961AC1D20511698006C5A88 /* Main.storyboard */ = {
			isa = PBXVariantGroup;
			children = (
				5961AC1E20511698006C5A88 /* Base */,
			);
			name = Main.storyboard;
			sourceTree = "<group>";
		};
		5961AC2220511698006C5A88 /* LaunchScreen.storyboard */ = {
			isa = PBXVariantGroup;
			children = (
				5961AC2320511698006C5A88 /* Base */,
			);
			name = LaunchScreen.storyboard;
			sourceTree = "<group>";
		};
/* End PBXVariantGroup section */

/* Begin XCBuildConfiguration section */
		5961AC3C20511698006C5A88 /* Debug */ = {
			isa = XCBuildConfiguration;
			buildSettings = {
				ALWAYS_SEARCH_USER_PATHS = NO;
				CLANG_ANALYZER_NONNULL = YES;
				CLANG_ANALYZER_NUMBER_OBJECT_CONVERSION = YES_AGGRESSIVE;
				CLANG_CXX_LANGUAGE_STANDARD = "gnu++14";
				CLANG_CXX_LIBRARY = "libc++";
				CLANG_ENABLE_MODULES = YES;
				CLANG_ENABLE_OBJC_ARC = YES;
				CLANG_WARN_BLOCK_CAPTURE_AUTORELEASING = YES;
				CLANG_WARN_BOOL_CONVERSION = YES;
				CLANG_WARN_COMMA = YES;
				CLANG_WARN_CONSTANT_CONVERSION = YES;
				CLANG_WARN_DIRECT_OBJC_ISA_USAGE = YES_ERROR;
				CLANG_WARN_DOCUMENTATION_COMMENTS = YES;
				CLANG_WARN_EMPTY_BODY = YES;
				CLANG_WARN_ENUM_CONVERSION = YES;
				CLANG_WARN_INFINITE_RECURSION = YES;
				CLANG_WARN_INT_CONVERSION = YES;
				CLANG_WARN_NON_LITERAL_NULL_CONVERSION = YES;
				CLANG_WARN_OBJC_LITERAL_CONVERSION = YES;
				CLANG_WARN_OBJC_ROOT_CLASS = YES_ERROR;
				CLANG_WARN_RANGE_LOOP_ANALYSIS = YES;
				CLANG_WARN_STRICT_PROTOTYPES = YES;
				CLANG_WARN_SUSPICIOUS_MOVE = YES;
				CLANG_WARN_UNGUARDED_AVAILABILITY = YES_AGGRESSIVE;
				CLANG_WARN_UNREACHABLE_CODE = YES;
				CLANG_WARN__DUPLICATE_METHOD_MATCH = YES;
				CODE_SIGN_IDENTITY = "iPhone Developer";
				COPY_PHASE_STRIP = NO;
				DEBUG_INFORMATION_FORMAT = dwarf;
				ENABLE_STRICT_OBJC_MSGSEND = YES;
				ENABLE_TESTABILITY = YES;
				GCC_C_LANGUAGE_STANDARD = gnu11;
				GCC_DYNAMIC_NO_PIC = NO;
				GCC_NO_COMMON_BLOCKS = YES;
				GCC_OPTIMIZATION_LEVEL = 0;
				GCC_PREPROCESSOR_DEFINITIONS = (
					"DEBUG=1",
					"$(inherited)",
				);
				GCC_WARN_64_TO_32_BIT_CONVERSION = YES;
				GCC_WARN_ABOUT_RETURN_TYPE = YES_ERROR;
				GCC_WARN_UNDECLARED_SELECTOR = YES;
				GCC_WARN_UNINITIALIZED_AUTOS = YES_AGGRESSIVE;
				GCC_WARN_UNUSED_FUNCTION = YES;
				GCC_WARN_UNUSED_VARIABLE = YES;
				IPHONEOS_DEPLOYMENT_TARGET = 11.2;
				MTL_ENABLE_DEBUG_INFO = YES;
				ONLY_ACTIVE_ARCH = YES;
				SDKROOT = iphoneos;
				SWIFT_ACTIVE_COMPILATION_CONDITIONS = DEBUG;
				SWIFT_OPTIMIZATION_LEVEL = "-Onone";
			};
			name = Debug;
		};
		5961AC3D20511698006C5A88 /* Release */ = {
			isa = XCBuildConfiguration;
			buildSettings = {
				ALWAYS_SEARCH_USER_PATHS = NO;
				CLANG_ANALYZER_NONNULL = YES;
				CLANG_ANALYZER_NUMBER_OBJECT_CONVERSION = YES_AGGRESSIVE;
				CLANG_CXX_LANGUAGE_STANDARD = "gnu++14";
				CLANG_CXX_LIBRARY = "libc++";
				CLANG_ENABLE_MODULES = YES;
				CLANG_ENABLE_OBJC_ARC = YES;
				CLANG_WARN_BLOCK_CAPTURE_AUTORELEASING = YES;
				CLANG_WARN_BOOL_CONVERSION = YES;
				CLANG_WARN_COMMA = YES;
				CLANG_WARN_CONSTANT_CONVERSION = YES;
				CLANG_WARN_DIRECT_OBJC_ISA_USAGE = YES_ERROR;
				CLANG_WARN_DOCUMENTATION_COMMENTS = YES;
				CLANG_WARN_EMPTY_BODY = YES;
				CLANG_WARN_ENUM_CONVERSION = YES;
				CLANG_WARN_INFINITE_RECURSION = YES;
				CLANG_WARN_INT_CONVERSION = YES;
				CLANG_WARN_NON_LITERAL_NULL_CONVERSION = YES;
				CLANG_WARN_OBJC_LITERAL_CONVERSION = YES;
				CLANG_WARN_OBJC_ROOT_CLASS = YES_ERROR;
				CLANG_WARN_RANGE_LOOP_ANALYSIS = YES;
				CLANG_WARN_STRICT_PROTOTYPES = YES;
				CLANG_WARN_SUSPICIOUS_MOVE = YES;
				CLANG_WARN_UNGUARDED_AVAILABILITY = YES_AGGRESSIVE;
				CLANG_WARN_UNREACHABLE_CODE = YES;
				CLANG_WARN__DUPLICATE_METHOD_MATCH = YES;
				CODE_SIGN_IDENTITY = "iPhone Developer";
				COPY_PHASE_STRIP = NO;
				DEBUG_INFORMATION_FORMAT = "dwarf-with-dsym";
				ENABLE_NS_ASSERTIONS = NO;
				ENABLE_STRICT_OBJC_MSGSEND = YES;
				GCC_C_LANGUAGE_STANDARD = gnu11;
				GCC_NO_COMMON_BLOCKS = YES;
				GCC_WARN_64_TO_32_BIT_CONVERSION = YES;
				GCC_WARN_ABOUT_RETURN_TYPE = YES_ERROR;
				GCC_WARN_UNDECLARED_SELECTOR = YES;
				GCC_WARN_UNINITIALIZED_AUTOS = YES_AGGRESSIVE;
				GCC_WARN_UNUSED_FUNCTION = YES;
				GCC_WARN_UNUSED_VARIABLE = YES;
				IPHONEOS_DEPLOYMENT_TARGET = 11.2;
				MTL_ENABLE_DEBUG_INFO = NO;
				SDKROOT = iphoneos;
				SWIFT_OPTIMIZATION_LEVEL = "-Owholemodule";
				VALIDATE_PRODUCT = YES;
			};
			name = Release;
		};
		5961AC3F20511698006C5A88 /* Debug */ = {
			isa = XCBuildConfiguration;
			baseConfigurationReference = 5623C6BA610D9D2E24CFF19F /* Pods-CoreKnowledge.debug.xcconfig */;
			buildSettings = {
				ASSETCATALOG_COMPILER_APPICON_NAME = AppIcon;
				CODE_SIGN_STYLE = Automatic;
				DEVELOPMENT_TEAM = 5NWDG57HEU;
				INFOPLIST_FILE = CoreKnowledge/Info.plist;
				IPHONEOS_DEPLOYMENT_TARGET = 9.0;
				LD_RUNPATH_SEARCH_PATHS = "$(inherited) @executable_path/Frameworks";
				PRODUCT_BUNDLE_IDENTIFIER = com.xtoucher.CoreKnowledge;
				PRODUCT_NAME = "$(TARGET_NAME)";
				SWIFT_VERSION = 4.0;
				TARGETED_DEVICE_FAMILY = "1,2";
			};
			name = Debug;
		};
		5961AC4020511698006C5A88 /* Release */ = {
			isa = XCBuildConfiguration;
			baseConfigurationReference = E97BEDF736C559EAC2866909 /* Pods-CoreKnowledge.release.xcconfig */;
			buildSettings = {
				ASSETCATALOG_COMPILER_APPICON_NAME = AppIcon;
				CODE_SIGN_STYLE = Automatic;
				DEVELOPMENT_TEAM = 5NWDG57HEU;
				INFOPLIST_FILE = CoreKnowledge/Info.plist;
				IPHONEOS_DEPLOYMENT_TARGET = 9.0;
				LD_RUNPATH_SEARCH_PATHS = "$(inherited) @executable_path/Frameworks";
				PRODUCT_BUNDLE_IDENTIFIER = com.xtoucher.CoreKnowledge;
				PRODUCT_NAME = "$(TARGET_NAME)";
				SWIFT_VERSION = 4.0;
				TARGETED_DEVICE_FAMILY = "1,2";
			};
			name = Release;
		};
		5961AC4220511698006C5A88 /* Debug */ = {
			isa = XCBuildConfiguration;
			buildSettings = {
				ALWAYS_EMBED_SWIFT_STANDARD_LIBRARIES = YES;
				BUNDLE_LOADER = "$(TEST_HOST)";
				CODE_SIGN_STYLE = Automatic;
				DEVELOPMENT_TEAM = 5NWDG57HEU;
				INFOPLIST_FILE = CoreKnowledgeTests/Info.plist;
				LD_RUNPATH_SEARCH_PATHS = "$(inherited) @executable_path/Frameworks @loader_path/Frameworks";
				PRODUCT_BUNDLE_IDENTIFIER = com.xtoucher.CoreKnowledgeTests;
				PRODUCT_NAME = "$(TARGET_NAME)";
				SWIFT_VERSION = 4.0;
				TARGETED_DEVICE_FAMILY = "1,2";
				TEST_HOST = "$(BUILT_PRODUCTS_DIR)/CoreKnowledge.app/CoreKnowledge";
			};
			name = Debug;
		};
		5961AC4320511698006C5A88 /* Release */ = {
			isa = XCBuildConfiguration;
			buildSettings = {
				ALWAYS_EMBED_SWIFT_STANDARD_LIBRARIES = YES;
				BUNDLE_LOADER = "$(TEST_HOST)";
				CODE_SIGN_STYLE = Automatic;
				DEVELOPMENT_TEAM = 5NWDG57HEU;
				INFOPLIST_FILE = CoreKnowledgeTests/Info.plist;
				LD_RUNPATH_SEARCH_PATHS = "$(inherited) @executable_path/Frameworks @loader_path/Frameworks";
				PRODUCT_BUNDLE_IDENTIFIER = com.xtoucher.CoreKnowledgeTests;
				PRODUCT_NAME = "$(TARGET_NAME)";
				SWIFT_VERSION = 4.0;
				TARGETED_DEVICE_FAMILY = "1,2";
				TEST_HOST = "$(BUILT_PRODUCTS_DIR)/CoreKnowledge.app/CoreKnowledge";
			};
			name = Release;
		};
		5961AC4520511698006C5A88 /* Debug */ = {
			isa = XCBuildConfiguration;
			buildSettings = {
				ALWAYS_EMBED_SWIFT_STANDARD_LIBRARIES = YES;
				CODE_SIGN_STYLE = Automatic;
				DEVELOPMENT_TEAM = 5NWDG57HEU;
				INFOPLIST_FILE = CoreKnowledgeUITests/Info.plist;
				LD_RUNPATH_SEARCH_PATHS = "$(inherited) @executable_path/Frameworks @loader_path/Frameworks";
				PRODUCT_BUNDLE_IDENTIFIER = com.xtoucher.CoreKnowledgeUITests;
				PRODUCT_NAME = "$(TARGET_NAME)";
				SWIFT_VERSION = 4.0;
				TARGETED_DEVICE_FAMILY = "1,2";
				TEST_TARGET_NAME = CoreKnowledge;
			};
			name = Debug;
		};
		5961AC4620511698006C5A88 /* Release */ = {
			isa = XCBuildConfiguration;
			buildSettings = {
				ALWAYS_EMBED_SWIFT_STANDARD_LIBRARIES = YES;
				CODE_SIGN_STYLE = Automatic;
				DEVELOPMENT_TEAM = 5NWDG57HEU;
				INFOPLIST_FILE = CoreKnowledgeUITests/Info.plist;
				LD_RUNPATH_SEARCH_PATHS = "$(inherited) @executable_path/Frameworks @loader_path/Frameworks";
				PRODUCT_BUNDLE_IDENTIFIER = com.xtoucher.CoreKnowledgeUITests;
				PRODUCT_NAME = "$(TARGET_NAME)";
				SWIFT_VERSION = 4.0;
				TARGETED_DEVICE_FAMILY = "1,2";
				TEST_TARGET_NAME = CoreKnowledge;
			};
			name = Release;
		};
/* End XCBuildConfiguration section */

/* Begin XCConfigurationList section */
		5961AC1120511698006C5A88 /* Build configuration list for PBXProject "CoreKnowledge" */ = {
			isa = XCConfigurationList;
			buildConfigurations = (
				5961AC3C20511698006C5A88 /* Debug */,
				5961AC3D20511698006C5A88 /* Release */,
			);
			defaultConfigurationIsVisible = 0;
			defaultConfigurationName = Release;
		};
		5961AC3E20511698006C5A88 /* Build configuration list for PBXNativeTarget "CoreKnowledge" */ = {
			isa = XCConfigurationList;
			buildConfigurations = (
				5961AC3F20511698006C5A88 /* Debug */,
				5961AC4020511698006C5A88 /* Release */,
			);
			defaultConfigurationIsVisible = 0;
			defaultConfigurationName = Release;
		};
		5961AC4120511698006C5A88 /* Build configuration list for PBXNativeTarget "CoreKnowledgeTests" */ = {
			isa = XCConfigurationList;
			buildConfigurations = (
				5961AC4220511698006C5A88 /* Debug */,
				5961AC4320511698006C5A88 /* Release */,
			);
			defaultConfigurationIsVisible = 0;
			defaultConfigurationName = Release;
		};
		5961AC4420511698006C5A88 /* Build configuration list for PBXNativeTarget "CoreKnowledgeUITests" */ = {
			isa = XCConfigurationList;
			buildConfigurations = (
				5961AC4520511698006C5A88 /* Debug */,
				5961AC4620511698006C5A88 /* Release */,
			);
			defaultConfigurationIsVisible = 0;
			defaultConfigurationName = Release;
		};
/* End XCConfigurationList section */
	};
	rootObject = 5961AC0E20511698006C5A88 /* Project object */;
}
